
Microsoft Visual Studio Solution File, Format Version 12.00
# Visual Studio Version 17
VisualStudioVersion = 17.0.31912.275
MinimumVisualStudioVersion = 10.0.40219.1
Project("{FAE04EC0-301F-11D3-BF4B-00C04F79EFBC}") = "Burger", "Burger\Burger.csproj", "{79C2CF20-14B6-460A-8448-F8D98BDAB668}"
EndProject
Global
	GlobalSection(SolutionConfigurationPlatforms) = preSolution
		Debug|Any CPU = Debug|Any CPU
		Release|Any CPU = Release|Any CPU
	EndGlobalSection
	GlobalSection(ProjectConfigurationPlatforms) = postSolution
		{79C2CF20-14B6-460A-8448-F8D98BDAB668}.Debug|Any CPU.ActiveCfg = Debug|Any CPU
		{79C2CF20-14B6-460A-8448-F8D98BDAB668}.Debug|Any CPU.Build.0 = Debug|Any CPU
		{79C2CF20-14B6-460A-8448-F8D98BDAB668}.Release|Any CPU.ActiveCfg = Release|Any CPU
		{79C2CF20-14B6-460A-8448-F8D98BDAB668}.Release|Any CPU.Build.0 = Release|Any CPU
	EndGlobalSection
	GlobalSection(SolutionProperties) = preSolution
		HideSolutionNode = FALSE
	EndGlobalSection
	GlobalSection(ExtensibilityGlobals) = postSolution
		SolutionGuid = {5EECE81E-FDFF-4C1C-843B-39A19A8DB2E4}
	EndGlobalSection
EndGlobal
